{
  "name": "frontend",
  "version": "0.0.0",
  "lockfileVersion": 3,
  "requires": true,
  "packages": {
    "": {
      "name": "frontend",
      "version": "0.0.0",
      "dependencies": {
        "@google/genai": "^1.7.0",
        "@tanstack/react-query": "^5.81.5",
        "axios": "^1.10.0",
        "firebase": "^11.10.0",
        "imagekitio-react": "^4.3.0",
        "react": "^19.1.0",
        "react-dom": "^19.1.0",
        "react-markdown": "^10.1.0",
        "react-router-dom": "^7.6.2",
        "react-type-animation": "^3.2.0"
      },
      "devDependencies": {
        "@eslint/js": "^9.25.0",
        "@types/react": "^19.1.2",
        "@types/react-dom": "^19.1.2",
        "@vitejs/plugin-react": "^4.4.1",
        "eslint": "^9.25.0",
        "eslint-plugin-react-hooks": "^5.2.0",
        "eslint-plugin-react-refresh": "^0.4.19",
        "globals": "^16.0.0",
        "vite": "^6.3.5"
      }
    },
    "node_modules/@ampproject/remapping": {
      "version": "2.3.0",
      "resolved": "https://registry.npmjs.org/@ampproject/remapping/-/remapping-2.3.0.tgz",
      "integrity": "sha512-30iZtAPgz+LTIYoeivqYo853f02jBYSd5uGnGpkFV0M3xOt9aN73ercgYAmZU43x4VfqcnLxW9Kpg3R5LC4YYw==",
      "dev": true,
      "license": "Apache-2.0",
      "dependencies": {
        "@jridgewell/gen-mapping": "^0.3.5",
        "@jridgewell/trace-mapping": "^0.3.24"
      },
      "engines": {
        "node": ">=6.0.0"
      }
    },
    "node_modules/@babel/code-frame": {
      "version": "7.27.1",
      "resolved": "https://registry.npmjs.org/@babel/code-frame/-/code-frame-7.27.1.tgz",
      "integrity": "sha512-kryxQ0dWVFB8Qn35bIFX73y4CQJ/Bkra41oUfjtzX7JoWr+uSI5hB5BQBvauefyYqjISACSF52qWlx40BbnmQ==",
      "dev": true,
      "license": "MIT",
      "dependencies": {
        "@babel/helper-validator-identifier": "^7.27.1",
        "js-tokens": "^4.0.0",
        "picocolors": "^1.1.1"
      },
      "engines": {
        "node": ">=6.9.0"
      }
    },
    "node_modules/@babel/compat-data": {
      "version": "7.27.5",
      "resolved": "https://registry.npmjs.org/@babel/compat-data/-/compat-data-7.27.5.tgz",
      "integrity": "sha512-KiRAp/VoJaWkkte84TvUd9qjdbZAdiwyvMxrGl1N6vqil3bK9KflAtJTMuUsMPGhiXz6t4yVFLvBLXgnktfimw==",
      "dev": true,
      "license": "MIT",
      "engines": {
        "node": ">=6.9.0"
      }
    },
    "node_modules/@babel/core": {
      "version": "7.27.4",
      "resolved": "https://registry.npmjs.org/@babel/core/-/core-7.27.4.tgz",
      "integrity": "sha512-bXYxrXFubeYdvB0NhD/NBB3Qi6aZeV20GOWVF47t2dkwJjdoI58Wgpz7/fIc5lgCmVotPmqGyd4QlQtieF4KUA==",
      "dev": true,
      "license": "MIT",
      "dependencies": {
        "@ampproject/remapping": "^2.2.0",
        "@babel/code-frame": "^7.27.1",
        "@babel/generator": "^7.27.3",
        "@babel/helper-compilation-targets": "^7.27.2",
        "@babel/helper-module-transforms": "^7.27.3",
        "@babel/helpers": "^7.27.4",
        "@babel/parser": "^7.27.4",
        "@babel/template": "^7.27.2",
        "@babel/traverse": "^7.27.4",
        "@babel/types": "^7.27.3",
        "convert-source-map": "^2.0.0",
        "debug": "^4.1.0",
        "gensync": "^1.0.0-beta.2",
        "json5": "^2.2.3",
        "semver": "^6.3.1"
      },
      "engines": {
        "node": ">=6.9.0"
      },
      "funding": {
        "type": "opencollective",
        "url": "https://opencollective.com/babel"
      }
    },
    "node_modules/@babel/generator": {
      "version": "7.27.5",
      "resolved": "https://registry.npmjs.org/@babel/generator/-/generator-7.27.5.tgz",
      "integrity": "sha512-n6dSJWGfGc1d8AIy/jf7f/jgmpJLq/Jfg/VEKrN64dE7+pxN9PZhkwpkwcfuQ0jtH2K+rH0XBlzTlC+++u8jz9g==",
      "dev": true,
      "license": "MIT",
      "dependencies": {
        "@babel/parser": "^7.27.5",
        "@babel/types": "^7.27.3",
        "@jridgewell/gen-mapping": "^0.3.5",
        "@jridgewell/trace-mapping": "^0.3.25",
        "jsesc": "^3.0.2"
      },
      "engines": {
        "node": ">=6.9.0"
      }
    },
    "node_modules/@babel/helper-compilation-targets": {
      "version": "7.27.2",
      "resolved": "https://registry.npmjs.org/@babel/helper-compilation-targets/-/helper-compilation-targets-7.27.2.tgz",
      "integrity": "sha512-p4sjnKwXg97HIx3fgFC5m/Jhn4bfzkjKTqySEkS1ccRgY0kvXY8jFTZrWHB6evFM7eMhtwpWoZYIWhUFh42DuQ==",
      "dev": true,
      "license": "MIT",
      "dependencies": {
        "@babel/compat-data": "^7.27.2",
        "@babel/helper-validator-option": "^7.27.1",
        "browserslist": "^4.24.0",
        "lru-cache": "^5.1.1",
        "semver": "^6.3.1"
      },
      "engines": {
        "node": ">=6.9.0"
      }
    },
    "node_modules/@babel/helper-module-imports": {
      "version": "7.27.1",
      "resolved": "https://registry.npmjs.org/@babel/helper-module-imports/-/helper-module-imports-7.27.1.tgz",
      "integrity": "sha512-VvZlDUjICP8Nm5x7fNYvbpht04CrzYlXvVXistmzVz/6F2Z/m8ThBj2kOIowKDQRpCBDXmIbPZF4Ymfwx6oxDw==",
      "dev": true,
      "license": "MIT",
      "dependencies": {
        "@babel/traverse": "^7.27.1",
        "@babel/types": "^7.27.1"
      },
      "engines": {
        "node": ">=6.9.0"
      }
    },
    "node_modules/@babel/helper-module-transforms": {
      "version": "7.27.3",
      "resolved": "https://registry.npmjs.org/@babel/helper-module-transforms/-/helper-module-transforms-7.27.3.tgz",
      "integrity": "sha512-mHOCOtniKgp/jF8pBEjyEpmycyhNxdxjGcBoEmSlFyJMYOoG70MAfz9pAEWA+LT+ddAzAgyOgjmhRlde5JU14w==",
      "dev": true,
      "license": "MIT",
      "dependencies": {
        "@babel/helper-module-imports": "^7.27.1",
        "@babel/helper-validator-identifier": "^7.27.1",
        "@babel/traverse": "^7.27.3"
      },
      "engines": {
        "node": ">=6.9.0"
      },
      "peerDependencies": {
        "@babel/core": "^7.0.0"
      }
    },
    "node_modules/@babel/helper-plugin-utils": {
      "version": "7.27.1",
      "resolved": "https://registry.npmjs.org/@babel/helper-plugin-utils/-/helper-plugin-utils-7.27.1.tgz",
      "integrity": "sha512-0QlC5+Zp5UAICnk5UeHvNr3zbmTL82r4rhf0Gfuqo7oeHJ6Xjr+NciQHWZxxxFaePisBae4GJm511j12wkWv3w==",
      "dev": true,
      "license": "MIT",
      "engines": {
        "node": ">=6.9.0"
      }
    },
    "node_modules/@babel/helper-string-parser": {
      "version": "7.27.1",
      "resolved": "https://registry.npmjs.org/@babel/helper-string-parser/-/helper-string-parser-7.27.1.tgz",
      "integrity": "sha512-95Ban7ekemGOcDO87pvbU4Q4axPoiXQ/PEVKOskosHb454/Auh25tYDFY4Zf/6AdIAfOXBuSufu+3QDbvkzdlw==",
      "dev": true,
      "license": "MIT",
      "engines": {
        "node": ">=6.9.0"
      }
    },
    "node_modules/@babel/helper-validator-identifier": {
      "version": "7.27.1",
      "resolved": "https://registry.npmjs.org/@babel/helper-validator-identifier/-/helper-validator-identifier-7.27.1.tgz",
      "integrity": "sha512-q35iA227LOIB3uwUsdNlfMouOk/t1hzcDY9o/hCl2hXwSICm1T43UuHTCoU54Io0JvCSpkHwjAWtwlfpwoBSUA==",
      "dev": true,
      "license": "MIT",
      "engines": {
        "node": ">=6.9.0"
      }
    },
    "node_modules/@babel/helper-validator-option": {
      "version": "7.27.1",
      "resolved": "https://registry.npmjs.org/@babel/helper-validator-option/-/helper-validator-option-7.27.1.tgz",
      "integrity": "sha512-JuwUmz0DDQ1+0PCp1EggaeMZWYpj3/cYzgWqBn21mNqDrLuMzEj/K+w3BHNnz17iDu6R6t9ly2SQdqC1BX/fcg==",
      "dev": true,
      "license": "MIT",
      "engines": {
        "node": ">=6.9.0"
      }
    },
    "node_modules/@babel/helpers": {
      "version": "7.27.6",
      "resolved": "https://registry.npmjs.org/@babel/helpers/-/helpers-7.27.6.tgz",
      "integrity": "sha512-6wbBNpTUXrYyL9Xd/hc7CyGGbB5cQBxlHJdkCSryy0VhW4An/G57dQw1tzQ/ogbY84q4d0u5cIzx02Fj9PPS4g==",
      "dev": true,
      "license": "MIT",
      "dependencies": {
        "@babel/template": "^7.27.2",
        "@babel/types": "^7.27.6"
      },
      "engines": {
        "node": ">=6.9.0"
      }
    },
    "node_modules/@babel/parser": {
      "version": "7.27.5",
      "resolved": "https://registry.npmjs.org/@babel/parser/-/parser-7.27.5.tgz",
      "integrity": "sha512-AT/GJSg3VBepKw4zjVlVYUDIBgXBZxV36Z/pofYaSxw8/XPVAOgwKw9rIeqki2Z3ANi1O0rB4HQWp0yOZBBNrQ==",
      "dev": true,
      "license": "MIT",
      "dependencies": {
        "@babel/types": "^7.27.3"
      },
      "bin": {
        "parser": "bin/babel-parser.js"
      },
      "engines": {
        "node": ">=6.0.0"
      }
    },
    "node_modules/@babel/plugin-transform-react-jsx-self": {
      "version": "7.27.1",
      "resolved": "https://registry.npmjs.org/@babel/plugin-transform-react-jsx-self/-/plugin-transform-react-jsx-self-7.27.1.tgz",
      "integrity": "sha512-Xt7mnTxJLVCjBd6VTTYtGahxHwC3crWcIEXmLGYNCmBw8eJ3gmkdAWLWlC82CoxIbpmwSyJF3lE/k6Rq2jpjw==",
      "dev": true,
      "license": "MIT",
      "dependencies": {
        "@babel/helper-plugin-utils": "^7.27.1"
      },
      "engines": {
        "node": ">=6.9.0"
      },
      "peerDependencies": {
        "@babel/core": "^7.0.0-0"
      }
    },
    "node_modules/@babel/plugin-transform-react-jsx-source": {
      "version": "7.27.1",
      "resolved": "https://registry.npmjs.org/@babel/plugin-transform-react-jsx-source/-/plugin-transform-react-jsx-source-7.27.1.tgz",
      "integrity": "sha512-5zeMQ1r1rtu8PhxHEMEerKPL+jcON1vV75dF34cHVXx+clXgt4dvoZg3ziJurD/ttxxrjSf1P9jtPorj4rFRnA==",
      "dev": true,
      "license": "MIT",
      "dependencies": {
        "@babel/helper-plugin-utils": "^7.27.1"
      },
      "engines": {
        "node": ">=6.9.0"
      },
      "peerDependencies": {
        "@babel/core": "^7.0.0-0"
      }
    },
    "node_modules/@babel/template": {
      "version": "7.27.2",
      "resolved": "https://registry.npmjs.org/@babel/template/-/template-7.27.2.tgz",
      "integrity": "sha512-YrwvmBVHaYxcKNB1d/wUsd6hUuz2jYXEWL+L4j8tZiwqc8B850jEwU0/Qr2KQoPgymkh+8K8G0QVwA==",
      "dev": true,
      "license": "MIT",
      "dependencies": {
        "@babel/code-frame": "^7.27.1",
        "@babel/parser": "^7.27.2",
        "@babel/types": "^7.27.1"
      },
      "engines": {
        "node": ">=6.9.0"
      }
    },
    "node_modules/@babel/traverse": {
      "version": "7.27.4",
      "resolved": "https://registry.npmjs.org/@babel/traverse/-/traverse-7.27.4.tgz",
      "integrity": "sha512-N6waqOqRq32SYFM92w3rgqvWC1jIDgNpxr5W1vpAznwVvYH3VQw+6RxXih9kz+MbKORjtJWhN2ZQr/Zu8ZqEOQ==",
      "dev": true,
      "license": "MIT",
      "dependencies": {
        "@babel/code-frame": "^7.27.1",
        "@babel/generator": "^7.27.3",
        "@babel/parser": "^7.27.4",
        "@babel/template": "^7.27.2",
        "@babel/types": "^7.27.3",
        "debug": "^4.3.1",
        "globals": "^11.1.0"
      },
      "engines": {
        "node": ">=6.9.0"
      }
    },
    "node_modules/@babel/traverse/node_modules/globals": {
      "version": "11.12.0",
      "resolved": "https://registry.npmjs.org/globals/-/globals-11.12.0.tgz",
      "integrity": "sha512-WOBp/EEGUiIsJSp7wcv/y6MO+lV9UoncWqxuFfm8eBwzWNgyfBd6Gz+IeKQ9jCmyhoH99g15M3T+QaVHFjizVA==",
      "dev": true,
      "license": "MIT",
      "engines": {
        "node": ">=4"
      }
    },
    "node_modules/@babel/types": {
      "version": "7.27.6",
      "resolved": "https://registry.npmjs.org/@babel/types/-/types-7.27.6.tgz",
      "integrity": "sha512-IoZJi63D/MuhbIWzn+HwNW1t1qropw37y3Pby3i0I84YPwn82y5F0mpydxFYBHCBwh2vjZlYtWL6MS834lPLjdA==",
      "dev": true,
      "license": "MIT",
      "dependencies": {
        "@babel/helper-string-parser": "^7.27.1",
        "@babel/helper-validator-identifier": "^7.27.1"
      },
      "engines": {
        "node": ">=6.9.0"
      }
    },
    "node_modules/@eslint-community/eslint-utils": {
      "version": "4.4.0",
      "resolved": "https://registry.npmjs.org/@eslint-community/eslint-utils/-/eslint-utils-4.4.0.tgz",
      "integrity": "sha512-1/sA4dwrzBAyeUoQ6oxahHKmrZvsnLCg4RfxW3ZFGGmQkSNQPFNLV9CUEFQP1x9EYXHTo5p6xdhZM1Ne9p/AfA==",
      "dev": true,
      "license": "MIT",
      "dependencies": {
        "eslint-visitor-keys": "^3.3.0"
      },
      "engines": {
        "node": "^12.22.0 || ^14.17.0 || >=16.0.0"
      },
      "peerDependencies": {
        "eslint": "^6.0.0 || ^7.0.0 || >=8.0.0"
      }
    },
    "node_modules/@eslint-community/regexpp": {
      "version": "4.10.0",
      "resolved": "https://registry.npmjs.org/@eslint-community/regexpp/-/regexpp-4.10.0.tgz",
      "integrity": "sha512-Cu96Sd2By9mCNTx2iyKOmq10v22jUVQv0lQnlGNy16oE9589yE+QADPbrMGCkA51cKZSg3Pu/aTJVTGfL/qjUA==",
      "dev": true,
      "license": "MIT",
      "engines": {
        "node": "^12.0.0 || ^14.0.0 || >=16.0.0"
      }
    },
    "node_modules/@eslint/eslintrc": {
      "version": "2.1.4",
      "resolved": "https://registry.npmjs.org/@eslint/eslintrc/-/eslintrc-2.1.4.tgz",
      "integrity": "sha512-269Z39MS6wVJtsoUl10L60WdkhJVdPG24Q4eZTH3nnF6lpvSShEK3wQjDX9JRWAUPvPh7COouPpU9IrqaZFvtQ==",
      "dev": true,
      "license": "MIT",
      "dependencies": {
        "ajv": "^6.12.6",
        "debug": "^4.3.2",
        "espree": "^9.6.1",
        "globals": "^13.23.0",
        "ignore": "^5.2.4",
        "import-fresh": "^3.3.0",
        "js-yaml": "^4.1.0",
        "minimatch": "^3.1.2",
        "strip-json-comments": "^3.1.1"
      },
      "engines": {
        "node": "^12.22.0 || ^14.17.0 || >=16.0.0"
      }
    },
    "node_modules/@eslint/js": {
      "version": "9.25.0",
      "resolved": "https://registry.npmjs.org/@eslint/js/-/js-9.25.0.tgz",
      "integrity": "sha512-OVlhN2Ih9ZGD+bMPrF44l8qgRpUdsdJtQ6UIvzqWj6D8C+zFQAsAMHVIXcJaGaPau1BHqE8tjZvU86yyX0kssw==",
      "dev": true,
      "license": "MIT",
      "engines": {
        "node": "^14.18.0 || >=16.0.0"
      }
    },
    "node_modules/@firebase/analytics": {
      "version": "0.10.0",
      "resolved": "https://registry.npmjs.org/@firebase/analytics/-/analytics-0.10.0.tgz",
      "integrity": "sha512-Locv8gAqx0e+GX/0SI3dzmBY5e9kjVDtD+3zCFLJ0tH2hJwuCAiL+5WkHuxKj92rqQj/rvkBUCfA1ewlX2hehg==",
      "license": "MIT",
      "dependencies": {
        "@firebase/app": "0.9.23",
        "@firebase/component": "0.6.4",
        "@firebase/installations": "0.6.4",
        "@firebase/logger": "0.4.0",
        "@firebase/util": "1.9.3",
        "tslib": "^2.4.1"
      },
      "peerDependencies": {
        "@firebase/app": "0.x"
      }
    },
    "node_modules/@firebase/analytics-compat": {
      "version": "0.2.6",
      "resolved": "https://registry.npmjs.org/@firebase/analytics-compat/-/analytics-compat-0.2.6.tgz",
      "integrity": "sha512-4MqpVLFkGK7NJf/5wPEEP7ePBJatwYpyjgJ+wQHQGHfzaCDgntOnl9rL2vbVGGKCnRqWtZDIWhctB86UWXaX2Q==",
      "license": "MIT",
      "dependencies": {
        "tslib": "^2.3.0"
      },
      "peerDependencies": {
        "@firebase/app": "0.x",
        "@firebase/app-compat": "0.x"
      },
      "peerDependenciesMeta": {
        "@firebase/app": {
          "optional": true
        },
        "@firebase/app-compat": {
          "optional": true
        }
      }
    },
    "node_modules/@firebase/analytics-types": {
      "version": "0.8.0",
      "resolved": "https://registry.npmjs.org/@firebase/analytics-types/-/analytics-types-0.8.0.tgz",
      "integrity": "sha512-iRP+QKI2+oz3UAh4nPEq14CsEjrjD6a5+fuypjScisAh9kXKFvdJOZJDwk7kikLvWVLGEs9+kIUS4LPQV7VZVw==",
      "license": "MIT"
    },
    "node_modules/@firebase/app": {
      "version": "0.9.23",
      "resolved": "https://registry.npmjs.org/@firebase/app/-/app-0.9.23.tgz",
      "integrity": "sha512-CA5pQ88We3FhyuesGKn1thaPBsJSGJGm6AlFToOmEJagWqBeDoNJqBkry/BsHnCs9xeYWWIprKxvuFmAFkdqoA==",
      "license": "MIT",
      "dependencies": {
        "@firebase/component": "0.6.4",
        "@firebase/logger": "0.4.0",
        "@firebase/util": "1.9.3",
        "idb": "7.1.1",
        "tslib": "^2.4.1"
      }
    },
    "node_modules/@firebase/app-check": {
      "version": "0.8.0",
      "resolved": "https://registry.npmjs.org/@firebase/app-check/-/app-check-0.8.0.tgz",
      "integrity": "sha512-dRDnhkcaC2FspMiRK/Vbp+PfsOAEP6ZElGm9iGFJ9fDqHoPs0HOPn7dwpJ51lCFi1+2/7n5pRPGhqF/F03I97g==",
      "license": "MIT",
      "dependencies": {
        "@firebase/app": "0.9.23",
        "@firebase/component": "0.6.4",
        "@firebase/logger": "0.4.0",
        "@firebase/util": "1.9.3",
        "tslib": "^2.4.1"
      },
      "peerDependencies": {
        "@firebase/app": "0.x"
      }
    },
    "node_modules/@firebase/app-check-compat": {
      "version": "0.3.7",
      "resolved": "https://registry.npmjs.org/@firebase/app-check-compat/-/app-check-compat-0.3.7.tgz",
      "integrity": "sha512-cW682AxsyP1G+Z0/P7pO/WT2CzYlNxoNe5QejVarW2o5ZxeWSSPAiVEwpEpQR/bUlUmdeWThYA0GL2zFh+1KPQ==",
      "license": "MIT",
      "dependencies": {
        "@firebase/app": "0.9.23",
        "@firebase/app-check": "0.8.0",
        "@firebase/app-check-types": "0.5.0",
        "@firebase/component": "0.6.4",
        "@firebase/logger": "0.4.0",
        "@firebase/util": "1.9.3",
        "tslib": "^2.4.0"
      },
      "peerDependencies": {
        "@firebase/app": "0.x",
        "@firebase/app-compat": "0.x"
      },
      "peerDependenciesMeta": {
        "@firebase/app": {
          "optional": true
        },
        "@firebase/app-compat": {
          "optional": true
        }
      }
    },
    "node_modules/@firebase/app-check-interop-types": {
      "version": "0.3.0",
      "resolved": "https://registry.npmjs.org/@firebase/app-check-interop-types/-/app-check-interop-types-0.3.0.tgz",
      "integrity": "sha512-xAxHPZPIgFXnI+vb4sbBjZcde7ZluzPPaSK7Lx3/nmuVk4TjZvnL8ONnkd4ERQKL8WePQySU+pRcWkh8rDf5Sg==",
      "license": "MIT"
    },
    "node_modules/@firebase/app-check-types": {
      "version": "0.5.0",
      "resolved": "https://registry.npmjs.org/@firebase/app-check-types/-/app-check-types-0.5.0.tgz",
      "integrity": "sha512-uwSUj32Mlubybw7tedRzR24RP8M8JUVR3NPiMk3/Z4bCmgEKTlQBwMXrehDAZ2wF+TsBq0SN1c6ema71U/JPyQ==",
      "license": "MIT"
    },
    "node_modules/@firebase/app-compat": {
      "version": "0.2.22",
      "resolved": "https://registry.npmjs.org/@firebase/app-compat/-/app-compat-0.2.22.tgz",
      "integrity": "sha512-kyksJFA19Oz5HZmR56s/ziOM6ivDBF9JYwC0ufacooBFuPfXfqr1u1Cuony72fGBKLNRpD0Ex+iQVlOa7I8frw==",
      "license": "MIT",
      "dependencies": {
        "@firebase/app": "0.9.23",
        "@firebase/component": "0.6.4",
        "@firebase/logger": "0.4.0",
        "@firebase/util": "1.9.3",
        "tslib": "^2.4.1"
      },
      "peerDependencies": {
        "@firebase/app": "0.x"
      }
    },
    "node_modules/@firebase/app-types": {
      "version": "0.9.0",
      "resolved": "https://registry.npmjs.org/@firebase/app-types/-/app-types-0.9.0.tgz",
      "integrity": "sha512-AeweANOIo0Mb8GiYm3xhTEBVCmPwTYAu9Hcd2qSkLuga/6+j9b1Jskl5bpiSQWy9eJ/j5pavxj6eYogmnuzm+Q==",
      "license": "MIT"
    },
    "node_modules/@firebase/auth": {
      "version": "1.4.0",
      "resolved": "https://registry.npmjs.org/@firebase/auth/-/auth-1.4.0.tgz",
      "integrity": "sha512-SfFXZCHDbY+7oSR52NSwx0U7LjYiA+N8imloxphCf3/F+MFtyqc3/IKPMSzUsvuVa/p11zrNkbVVCNljrk0OqA==",
      "license": "MIT",
      "dependencies": {
        "@firebase/app": "0.9.23",
        "@firebase/component": "0.6.4",
        "@firebase/logger": "0.4.0",
        "@firebase/util": "1.9.3",
        "@react-native-async-storage/async-storage": "1.19.3",
        "node-fetch": "2.6.7",
        "tslib": "^2.4.1"
      },
      "peerDependencies": {
        "@firebase/app": "0.x",
        "@react-native-async-storage/async-storage": ">=1.18.1"
      },
      "peerDependenciesMeta": {
        "@react-native-async-storage/async-storage": {
          "optional": true
        }
      }
    },
    "node_modules/@firebase/auth-compat": {
      "version": "0.4.9",
      "resolved": "https://registry.npmjs.org/@firebase/auth-compat/-/auth-compat-0.4.9.tgz",
      "integrity": "sha512-Fw03i7vduIciEBG4imLtA1duJbljgkfbxiBo/EuekcB+BnPxHp+e8OGMUfemPYeO7Munj6kUC9gr5DelsQkiNA==",
      "license": "MIT",
      "dependencies": {
        "@firebase/app-compat": "0.2.22",
        "@firebase/auth": "1.4.0",
        "@firebase/auth-types": "0.12.0",
        "@firebase/component": "0.6.4",
        "@firebase/util": "1.9.3",
        "node-fetch": "2.6.7",
        "tslib": "^2.4.1"
      },
      "peerDependencies": {
        "@firebase/app": "0.x",
        "@firebase/app-compat": "0.x",
        "encoding": "^0.1.0"
      },
      "peerDependenciesMeta": {
        "@firebase/app": {
          "optional": true
        },
        "@firebase/app-compat": {
          "optional": true
        },
        "encoding": {
          "optional": true
        }
      }
    },
    "node_modules/@firebase/auth-interop-types": {
      "version": "0.2.1",
      "resolved": "https://registry.npmjs.org/@firebase/auth-interop-types/-/auth-interop-types-0.2.1.tgz",
      "integrity": "sha512-VOaGzKp65MY6P5FI84TfYKBXEPi6LmOCSMMzys6o2BN2LOsqy7pCuZCup7NYnfbk5OkkQKzvIfHOzTm0UDpkyg==",
      "license": "MIT"
    },
    "node_modules/@firebase/auth-types": {
      "version": "0.12.0",
      "resolved": "https://registry.npmjs.org/@firebase/auth-types/-/auth-types-0.12.0.tgz",
      "integrity": "sha512-pPwaZt+SPOshK8xNoiQlK5XIrS97kFYc3Rc7xmy373QsOJ9MmqXxLaYssP5Kcds4wd2qK//amx/c+A8O2fVeZA==",
      "license": "MIT",
      "peerDependencies": {
        "@firebase/app-types": "0.x",
        "@firebase/util": "1.x"
      },
      "peerDependenciesMeta": {
        "@firebase/app-types": {
          "optional": true
        },
        "@firebase/util": {
          "optional": true
        }
      }
    },
    "node_modules/@firebase/component": {
      "version": "0.6.4",
      "resolved": "https://registry.npmjs.org/@firebase/component/-/component-0.6.4.tgz",
      "integrity": "sha512-rLMyrXuO9jcAUCaQXCMjCMUsWrba5fzHlNK24xz5j2W6A/SRmK8mZJ/hn7V0fViLbxC0lPMtrK1eYzk6Fg03jA==",
      "license": "MIT",
      "dependencies": {
        "@firebase/util": "1.9.3",
        "tslib": "^2.4.1"
      }
    },
    "node_modules/@firebase/database": {
      "version": "1.0.1",
      "resolved": "https://registry.npmjs.org/@firebase/database/-/database-1.0.1.tgz",
      "integrity": "sha512-VAhj7g4Gyt1fTSkNrRnBlmu633Iqtj3veAzS40oQU51Z9PBp0g6/WY0c4njqjDLdJhejZjYV9+rPjVWdgeTSbw==",
      "license": "MIT",
      "dependencies": {
        "@firebase/auth-interop-types": "0.2.1",
        "@firebase/component": "0.6.4",
        "@firebase/logger": "0.4.0",
        "@firebase/util": "1.9.3",
        "faye-websocket": "0.11.4",
        "tslib": "^2.4.1"
      },
      "peerDependencies": {
        "@firebase/app-types": ">=0.x",
        "@firebase/app-types": "<0.10.0"
      },
      "peerDependenciesMeta": {
        "@firebase/app-types": {
          "optional": true
        }
      }
    },
    "node_modules/@firebase/database-compat": {
      "version": "1.0.1",
      "resolved": "https://registry.npmjs.org/@firebase/database-compat/-/database-compat-1.0.1.tgz",
      "integrity": "sha512-ky82yLIboLxtAIWyW/52a6HLMVTzD2kpZlEilVDok73pNPLjkJYowj8iaIWK5nTy7+6Gxt7d00zfjL6zIGYjHA==",
      "license": "MIT",
      "dependencies": {
        "@firebase/component": "0.6.4",
        "@firebase/database": "1.0.1",
        "@firebase/database-types": "1.0.0",
        "@firebase/logger": "0.4.0",
        "@firebase/util": "1.9.3",
        "tslib": "^2.4.1"
      },
      "peerDependencies": {
        "@firebase/app-compat": ">=0.x"
      },
      "peerDependenciesMeta": {
        "@firebase/app-compat": {
          "optional": true
        }
      }
    },
    "node_modules/@firebase/database-types": {
      "version": "1.0.0",
      "resolved": "https://registry.npmjs.org/@firebase/database-types/-/database-types-1.0.0.tgz",
      "integrity": "sha512-SjnXStoE0Q56ab5fM6xFzHy/KmccEzQzlVmmRYG3ST3096VdgYBotagpyjXwBeaTixB4FGHWRc9yW/QjJtn0Sg==",
      "license": "MIT",
      "dependencies": {
        "@firebase/app-types": "0.9.0",
        "@firebase/util": "1.9.3"
      },
      "peerDependencies": {
        "@firebase/app-types": ">=0.x"
      },
      "peerDependenciesMeta": {
        "@firebase/app-types": {
          "optional": true
        }
      }
    },
    "node_modules/@firebase/firestore": {
      "version": "4.3.2",
      "resolved": "https://registry.npmjs.org/@firebase/firestore/-/firestore-4.3.2.tgz",
      "integrity": "sha512-K4TwMbgArWw+XAEUYX/vtk+TVy9n1uWJrWzxBJ1rZLZNgB/C4f8eo3i0v/zXdWbWQOz7wV7p3vRNvwWfWbAW2A==",
      "license": "MIT",
      "dependencies": {
        "@firebase/app": "0.9.23",
        "@firebase/component": "0.6.4",
        "@firebase/logger": "0.4.0",
        "@firebase/util": "1.9.3",
        "@firebase/webchannel-wrapper": "0.10.3",
        "@grpc/grpc-js": "1.9.12",
        "@grpc/proto-loader": "0.7.10",
        "node-fetch": "2.6.7",
        "tslib": "^2.4.1"
      },
      "peerDependencies": {
        "@firebase/app": "0.x"
      }
    },
    "node_modules/@firebase/firestore-compat": {
      "version": "0.3.22",
      "resolved": "https://registry.npmjs.org/@firebase/firestore-compat/-/firestore-compat-0.3.22.tgz",
      "integrity": "sha512-M166UvFvRri0CK/+5N0MIeXJVxR7cS5zpjC6IorlqzWGzawFn/dDlq/4iecLV+Fa2UMIwfwhJO4bWBsIJAJ3yA==",
      "license": "MIT",
      "dependencies": {
        "@firebase/app-compat": "0.2.22",
        "@firebase/component": "0.6.4",
        "@firebase/firestore": "4.3.2",
        "@firebase/firestore-types": "3.0.0",
        "@firebase/util": "1.9.3",
        "tslib": "^2.4.1"
      },
      "peerDependencies": {
        "@firebase/app": "0.x",
        "@firebase/app-compat": "0.x"
      },
      "peerDependenciesMeta": {
        "@firebase/app": {
          "optional": true
        },
        "@firebase/app-compat": {
          "optional": true
        }
      }
    },
    "node_modules/@firebase/firestore-types": {
      "version": "3.0.0",
      "resolved": "https://registry.npmjs.org/@firebase/firestore-types/-/firestore-types-3.0.0.tgz",
      "integrity": "sha512-Meg4cIezHo9zLamw0ymFYBD4SMjLb+ZXIbuN7h04jLUI2S8unyZ1kj16DH3wjwO07HxR89wkd6+hEQPd9kTL1g==",
      "license": "MIT",
      "peerDependencies": {
        "@firebase/app-types": "0.x",
        "@firebase/util": "1.x"
      },
      "peerDependenciesMeta": {
        "@firebase/app-types": {
          "optional": true
        },
        "@firebase/util": {
          "optional": true
        }
      }
    },
    "node_modules/@firebase/functions": {
      "version": "0.10.0",
      "resolved": "https://registry.npmjs.org/@firebase/functions/-/functions-0.10.0.tgz",
      "integrity": "sha512-2U+fMNxTYhtwSpkkR6WbBcuNMOVaI7MaH3cZ6UAeNfj7AgEwHwMIFLPpC13YNZhno2/p671NynT9k/TG3W8d7w==",
      "license": "MIT",
      "dependencies": {
        "@firebase/app": "0.9.23",
        "@firebase/app-check-interop-types": "0.3.0",
        "@firebase/auth-interop-types": "0.2.1",
        "@firebase/component": "0.6.4",
        "@firebase/messaging-interop-types": "0.2.0",
        "@firebase/util": "1.9.3",
        "node-fetch": "2.6.7",
        "tslib": "^2.4.1"
      },
      "peerDependencies": {
        "@firebase/app": "0.x"
      }
    },
    "node_modules/@firebase/functions-compat": {
      "version": "0.3.5",
      "resolved": "https://registry.npmjs.org/@firebase/functions-compat/-/functions-compat-0.3.5.tgz",
      "integrity": "sha512-uD4jwgwVqdWf6uc3NRKF8cSZ0JwGqSlyhPgackyUPe+GAtnERpS4+Vr66g0b3Gge0ezG4iyHo/EXW/Hjx7QhHw==",
      "license": "MIT",
      "dependencies": {
        "@firebase/app-compat": "0.2.22",
        "@firebase/component": "0.6.4",
        "@firebase/functions": "0.10.0",
        "@firebase/functions-types": "0.6.0",
        "@firebase/util": "1.9.3",
        "tslib": "^2.4.1"
      },
      "peerDependencies": {
        "@firebase/app": "0.x",
        "@firebase/app-compat": "0.x"
      },
      "peerDependenciesMeta": {
        "@firebase/app": {
          "optional": true
        },
        "@firebase/app-compat": {
          "optional": true
        }
      }
    },
    "node_modules/@firebase/functions-types": {
      "version": "0.6.0",
      "resolved": "https://registry.npmjs.org/@firebase/functions-types/-/functions-types-0.6.0.tgz",
      "integrity": "sha512-hfEw5VJtgWXIRf92ImLkgENqpL6IWpYaXVYiRkUR5u7MFhMmuD0nTuby2NeUiUmsMGAqCFsY0Gpnp5aVnWesQ==",
      "license": "MIT"
    },
    "node_modules/@firebase/installations": {
      "version": "0.6.4",
      "resolved": "https://registry.npmjs.org/@firebase/installations/-/installations-0.6.4.tgz",
      "integrity": "sha512-u5y88rtsp7NYkCHC3ElbFBrPtieUybZluXyzl7+4BsIz4sqb4vSAuwHEUgCgCeaQhvsnxDEU6icly8U9zsJigA==",
      "license": "MIT",
      "dependencies": {
        "@firebase/app": "0.9.23",
        "@firebase/component": "0.6.4",
        "@firebase/util": "1.9.3",
        "idb": "7.0.1",
        "tslib": "^2.4.1"
      },
      "peerDependencies": {
        "@firebase/app": "0.x"
      }
    },
    "node_modules/@firebase/installations-compat": {
      "version": "0.2.4",
      "resolved": "https://registry.npmjs.org/@firebase/installations-compat/-/installations-compat-0.2.4.tgz",
      "integrity": "sha512-LI9dYjp0aT9Njkn9U4JRrDqQ6KXeAmFbRC0E7jI7+hxl5YmRWysq5qgQl22hcWpTk+cm3es66d/apoDU/A9n6Q==",
      "license": "MIT",
      "dependencies": {
        "@firebase/app-compat": "0.2.22",
        "@firebase/component": "0.6.4",
        "@firebase/installations": "0.6.4",
        "@firebase/installations-types": "0.5.0",
        "@firebase/util": "1.9.3",
        "tslib": "^2.4.1"
      },
      "peerDependencies": {
        "@firebase/app": "0.x",
        "@firebase/app-compat": "0.x"
      },
      "peerDependenciesMeta": {
        "@firebase/app": {
          "optional": true
        },
        "@firebase/app-compat": {
          "optional": true
        }
      }
    },
    "node_modules/@firebase/installations-types": {
      "version": "0.5.0",
      "resolved": "https://registry.npmjs.org/@firebase/installations-types/-/installations-types-0.5.0.tgz",
      "integrity": "sha512-9DP+RGfzoI2jH7gY4SlzqvZ+hr7gYzPODrbzVD82Y12kScZ6ZpRg/i3j6rleto8vTFC8n6Len4560FnV1w2IRg==",
      "license": "MIT"
    },
    "node_modules/@firebase/logger": {
      "version": "0.4.0",
      "resolved": "https://registry.npmjs.org/@firebase/logger/-/logger-0.4.0.tgz",
      "integrity": "sha512-eRKSeykumZ5+cJPdxxJRgAC3G5NknY2GwEbKfymdnXtnT0Ucm4pspfR6GT4MUQEDuJwRVbVcSx85kgJulMoFFA==",
      "license": "MIT",
      "dependencies": {
        "tslib": "^2.4.1"
      }
    },
    "node_modules/@firebase/messaging": {
      "version": "0.12.4",
      "resolved": "https://registry.npmjs.org/@firebase/messaging/-/messaging-0.12.4.tgz",
      "integrity": "sha512-6JLZct6zUaex4g7HI3QbzeUrg9xcnmDAPTWpkoMpd/GoSVWH98zDoWXMGrcvHeCAIsLpFMe4MPoZkJbrPhaASw==",
      "license": "MIT",
      "dependencies": {
        "@firebase/app": "0.9.23",
        "@firebase/component": "0.6.4",
        "@firebase/installations": "0.6.4",
        "@firebase/messaging-interop-types": "0.2.0",
        "@firebase/util": "1.9.3",
        "idb": "7.0.1",
        "tslib": "^2.4.1"
      },
      "peerDependencies": {
        "@firebase/app": "0.x"
      }
    },
    "node_modules/@firebase/messaging-compat": {
      "version": "0.2.4",
      "resolved": "https://registry.npmjs.org/@firebase/messaging-compat/-/messaging-compat-0.2.4.tgz",
      "integrity": "sha512-lyFjeUhIsPRYDPNIkYX1LcZMpoVbBWXX4rPl7c/rqc7G+EUea7IEtSt4MxTvh6fDfPuzLn7+FZADfscC+tNMfg==",
      "license": "MIT",
      "dependencies": {
        "@firebase/app-compat": "0.2.22",
        "@firebase/component": "0.6.4",
        "@firebase/messaging": "0.12.4",
        "@firebase/util": "1.9.3",
        "tslib": "^2.4.1"
      },
      "peerDependencies": {
        "@firebase/app": "0.x",
        "@firebase/app-compat": "0.x"
      },
      "peerDependenciesMeta": {
        "@firebase/app": {
          "optional": true
        },
        "@firebase/app-compat": {
          "optional": true
        }
      }
    },
    "node_modules/@firebase/messaging-interop-types": {
      "version": "0.2.0",
      "resolved": "https://registry.npmjs.org/@firebase/messaging-interop-types/-/messaging-interop-types-0.2.0.tgz",
    "node_modules/web-vitals": {
      "version": "4.2.4",
      "resolved": "https://registry.npmjs.org/web-vitals/-/web-vitals-4.2.4.tgz",
      "integrity": "sha512-r4DIlprAGwJ7YM11VZp4R884m0Vmgr6EAKe3P+kO0PPj3Unqyvv59rczf6UiGcb9Z8QxZVcqKNwv/g0WNdWwsw==",
      "license": "Apache-2.0"
    },
    "node_modules/webidl-conversions": {
      "version": "3.0.1",
      "resolved": "https://registry.npmjs.org/webidl-conversions/-/webidl-conversions-3.0.1.tgz",
      "integrity": "sha512-2JAn3z8AR6rjK8Sm8orRC0h/bcl/DqL7tRPdGZ4I1CjdF+EaMLmYxBHyXuKL849eucPFhvBoxMsflfOb8kxaeQ==",
      "license": "BSD-2-Clause"
    },
    "node_modules/websocket-driver": {
      "version": "0.7.4",
      "resolved": "https://registry.npmjs.org/websocket-driver/-/websocket-driver-0.7.4.tgz",
      "integrity": "sha512-b17KeDIQVjvb0ssuSDF2cYXSg2iztliJ4B9WdsuB6J952qCPKmnVq4DyW5motImXHDC1cBT/1UezrJVsKw5zjg==",
      "license": "Apache-2.0",
      "dependencies": {
        "http-parser-js": ">=0.5.1",
        "safe-buffer": ">=5.1.0",
        "websocket-extensions": ">=0.1.1"
      },
      "engines": {
        "node": ">=0.8.0"
      }
    },
    "node_modules/websocket-extensions": {
      "version": "0.1.4",
      "resolved": "https://registry.npmjs.org/websocket-extensions/-/websocket-extensions-0.1.4.tgz",
      "integrity": "sha512-OqedPIGOfsDlo31UNwYbCFMSaO9m9G/0faIHj5/dZFDMFqPTcx6UwqyOy3COEaEOg/9VsGIpdqn62W5KhoKSpg==",
      "license": "Apache-2.0",
      "engines": {
        "node": ">=0.8.0"
      }
    },
    "node_modules/whatwg-url": {
      "version": "5.0.0",
      "resolved": "https://registry.npmjs.org/whatwg-url/-/whatwg-url-5.0.0.tgz",
      "integrity": "sha512-saE57nupxk6v3HY35+jzBwYa0rKSy0XR8JSxZPwgLr7ys0IBzhGviA1/TUGJLmSVqs8pb9AnvICXEuOHLprYTw==",
      "license": "MIT",
      "dependencies": {
        "tr46": "~0.0.3",
        "webidl-conversions": "^3.0.0"
      }
    },
    "node_modules/which": {
      "version": "2.0.2",
      "resolved": "https://registry.npmjs.org/which/-/which-2.0.2.tgz",
      "integrity": "sha512-BLI3Tl1TW3Pvl70l3yq3Y64i+awpwXqsGBYWkkqMtnbXgrMD+yj7rhW0kuEDxzJaYXGjEW5ogapKNMEKNMjibA==",
      "dev": true,
      "license": "ISC",
      "dependencies": {
        "isexe": "^2.0.0"
      },
      "bin": {
        "node-which": "bin/node-which"
      },
      "engines": {
        "node": ">= 8"
      }
    },
    "node_modules/word-wrap": {
      "version": "1.2.5",
      "resolved": "https://registry.npmjs.org/word-wrap/-/word-wrap-1.2.5.tgz",
      "integrity": "sha512-BN22B5eaMMI9UMtjrGd5g5eCYPpCPDUy0FJXbYsaT5zYxjFOckS53SQDE3pWkVoWpHXVb3BrYcEN4Twa55B5cA==",
      "dev": true,
      "license": "MIT",
      "engines": {
        "node": ">=0.10.0"
      }
    },
    "node_modules/wrap-ansi": {
      "version": "7.0.0",
      "resolved": "https://registry.npmjs.org/wrap-ansi/-/wrap-ansi-7.0.0.tgz",
      "integrity": "sha512-YVGIj2kamLSTxw6NsZjoBxfSwsn0ycdesmc4p+Q21c5zPuZ1pl+NfxVdxPtdHvmNVOQ6XSYG4AUtyt/Fi7D16Q==",
      "license": "MIT",
      "dependencies": {
        "ansi-styles": "^4.0.0",
        "string-width": "^4.1.0",
        "strip-ansi": "^6.0.0"
      },
      "engines": {
        "node": ">=10"
      },
      "funding": {
        "url": "https://github.com/chalk/wrap-ansi?sponsor=1"
      }
    },
    "node_modules/ws": {
      "version": "8.18.2",
      "resolved": "https://registry.npmjs.org/ws/-/ws-8.18.2.tgz",
      "integrity": "sha512-DMricUmwGZUVr++AEAe2uiVM7UoO9MAVZMDu05UQOaUII0lp+zOzLLU4Xqh/JvTqklB1T4uELaaPBKyjE1r4fQ==",
      "license": "MIT",
      "engines": {
        "node": ">=10.0.0"
      },
      "peerDependencies": {
        "bufferutil": "^4.0.1",
        "utf-8-validate": ">=5.0.2"
      },
      "peerDependenciesMeta": {
        "bufferutil": {
          "optional": true
        },
        "utf-8-validate": {
          "optional": true
        }
      }
    },
    "node_modules/y18n": {
      "version": "5.0.8",
      "resolved": "https://registry.npmjs.org/y18n/-/y18n-5.0.8.tgz",
      "integrity": "sha512-0pfFzegeDWJHJIAmTLRP2DwHjdF5s7jo9tuztdQxAhINCdvS+3nGINqPd00AphqJR/0LhANUS6/+7SCb98YOfA==",
      "license": "ISC",
      "engines": {
        "node": ">=10"
      }
    },
    "node_modules/yallist": {
      "version": "3.1.1",
      "resolved": "https://registry.npmjs.org/yallist/-/yallist-3.1.1.tgz",
      "integrity": "sha512-a4UGQaWPH59mOXUYnAG2ewncQS4i4F43Tv3JoAM+s2VDAmS9NsK8GpDMLrCHPksFT7h3K6TOoUNn2pb7RoXx4g==",
      "dev": true,
      "license": "ISC"
    },
    "node_modules/yargs": {
      "version": "17.7.2",
      "resolved": "https://registry.npmjs.org/yargs/-/yargs-17.7.2.tgz",
      "integrity": "sha512-7dSzzRQ++CKnNI/krKnYRV7JKKPUXMEh61soaHKg9mrWEhzFWhFnxPxGl+69cD1Ou63C13NUPCnmIcrvqCuM6w==",
      "license": "MIT",
      "dependencies": {
        "cliui": "^8.0.1",
        "escalade": "^3.1.1",
        "get-caller-file": "^2.0.5",
        "require-directory": "^2.1.1",
        "string-width": "^4.2.3",
        "y18n": "^5.0.5",
        "yargs-parser": "^21.1.1"
      },
      "engines": {
        "node": ">=12"
      }
    },
    "node_modules/yargs-parser": {
      "version": "21.1.1",
      "resolved": "https://registry.npmjs.org/yargs-parser/-/yargs-parser-21.1.1.tgz",
      "integrity": "sha512-tVpsJW7DdjecAiFpbIB1e3qxIQsE6NoPc5/eTdrbbIC4h0LVsWhnoa3g+m2HclBIujHzsxZ4VJVA+GUuc2/LBw==",
      "license": "ISC",
      "engines": {
        "node": ">=12"
      }
    },
    "node_modules/yocto-queue": {
      "version": "0.1.0",
      "resolved": "https://registry.npmjs.org/yocto-queue/-/yocto-queue-0.1.0.tgz",
      "integrity": "sha512-rVksvsnNCdJ/ohGc6xgPwyN8eheCxsiLM8mxuE/t/mOVqJewPuO1miLpTHQiRgTKCLexL4MeAFVagts7HmNZ2Q==",
      "dev": true,
      "license": "MIT",
      "engines": {
        "node": ">=10"
      },
      "funding": {
        "url": "https://github.com/sponsors/sindresorhus"
      }
    },
    "node_modules/zod": {
      "version": "3.25.67",
      "resolved": "https://registry.npmjs.org/zod/-/zod-3.25.67.tgz",
      "integrity": "sha512-idA2YXwpCdqUSKRCACDE6ItZD9TZzy3OZMtpfLoh6oPR47lipysRrJfjzMqFxQ3uJuUPyUeWe1r9vLH33xO/Qw==",
      "license": "MIT",
      "funding": {
        "url": "https://github.com/sponsors/colinhacks"
      }
    },
    "node_modules/zod-to-json-schema": {
      "version": "3.24.6",
      "resolved": "https://registry.npmjs.org/zod-to-json-schema/-/zod-to-json-schema-3.24.6.tgz",
      "integrity": "sha512-h/z3PKvcTcTetyjl1fkj79MHNEjm+HpD6NXheWjzOekY7kV+lwDYnHw+ivHkijnCSMz1yJaWBD9vu/Fcmk+vEg==",
      "license": "ISC",
      "peerDependencies": {
        "zod": "^3.24.1"
      }
    },
    "node_modules/zwitch": {
      "version": "2.0.4",
      "resolved": "https://registry.npmjs.org/zwitch/-/zwitch-2.0.4.tgz",
      "integrity": "sha512-bXE4cR/kVZhKZX/RjPEflHaKVhUVl85noU3v6b8apfQEc1x4A+zBxjZ4lN8LqGd6WZ3dl98pY4o717VFmoPp+A==",
      "license": "MIT",
      "funding": {
        "type": "github",
        "url": "https://github.com/sponsors/wooorm"
      }
    }
  }
}
}